
Microsoft Visual Studio Solution File, Format Version 12.00
# Visual Studio Version 17
VisualStudioVersion = 17.10.35122.118
MinimumVisualStudioVersion = 10.0.40219.1
Project("{9A19103F-16F7-4668-BE54-9A1E7A4F7556}") = "Restaurant.Data", "Restaurant.Data\Restaurant.Data.csproj", "{5CC0404C-BE56-49E6-AB4C-D9AABBE51DB1}"
EndProject
Project("{9A19103F-16F7-4668-BE54-9A1E7A4F7556}") = "Restaurant.Data.Test", "Restaurant.Data.Test\Restaurant.Data.Test.csproj", "{C56A1A07-3DE7-4E0D-A3C0-A3AFD943E140}"
EndProject
Project("{FAE04EC0-301F-11D3-BF4B-00C04F79EFBC}") = "Restaurant.Business", "Restaurant.Business\Restaurant.Business.csproj", "{540D90FB-9ECF-4631-B869-A16DB49C9CBD}"
EndProject
Global
	GlobalSection(SolutionConfigurationPlatforms) = preSolution
		Debug|Any CPU = Debug|Any CPU
		Release|Any CPU = Release|Any CPU
	EndGlobalSection
	GlobalSection(ProjectConfigurationPlatforms) = postSolution
		{5CC0404C-BE56-49E6-AB4C-D9AABBE51DB1}.Debug|Any CPU.ActiveCfg = Debug|Any CPU
		{5CC0404C-BE56-49E6-AB4C-D9AABBE51DB1}.Debug|Any CPU.Build.0 = Debug|Any CPU
		{5CC0404C-BE56-49E6-AB4C-D9AABBE51DB1}.Release|Any CPU.ActiveCfg = Release|Any CPU
		{5CC0404C-BE56-49E6-AB4C-D9AABBE51DB1}.Release|Any CPU.Build.0 = Release|Any CPU
		{C56A1A07-3DE7-4E0D-A3C0-A3AFD943E140}.Debug|Any CPU.ActiveCfg = Debug|Any CPU
		{C56A1A07-3DE7-4E0D-A3C0-A3AFD943E140}.Debug|Any CPU.Build.0 = Debug|Any CPU
		{C56A1A07-3DE7-4E0D-A3C0-A3AFD943E140}.Release|Any CPU.ActiveCfg = Release|Any CPU
		{C56A1A07-3DE7-4E0D-A3C0-A3AFD943E140}.Release|Any CPU.Build.0 = Release|Any CPU
		{540D90FB-9ECF-4631-B869-A16DB49C9CBD}.Debug|Any CPU.ActiveCfg = Debug|Any CPU
		{540D90FB-9ECF-4631-B869-A16DB49C9CBD}.Debug|Any CPU.Build.0 = Debug|Any CPU
		{540D90FB-9ECF-4631-B869-A16DB49C9CBD}.Release|Any CPU.ActiveCfg = Release|Any CPU
		{540D90FB-9ECF-4631-B869-A16DB49C9CBD}.Release|Any CPU.Build.0 = Release|Any CPU
	EndGlobalSection
	GlobalSection(SolutionProperties) = preSolution
		HideSolutionNode = FALSE
	EndGlobalSection
	GlobalSection(ExtensibilityGlobals) = postSolution
		SolutionGuid = {B8D99698-0014-49AC-8C65-65A478E8BB23}
	EndGlobalSection
EndGlobal
